
Microsoft Visual Studio Solution File, Format Version 12.00
# Visual Studio Version 17
VisualStudioVersion = 17.0.31903.59
MinimumVisualStudioVersion = 10.0.40219.1
Project("{2150E333-8FDC-42A3-9474-1A3956D46DE8}") = "Shared", "Shared", "{4F52FD11-658E-A102-6CD3-7D7C16FFA15B}"
EndProject
Project("{2150E333-8FDC-42A3-9474-1A3956D46DE8}") = "Integration", "Integration", "{823D4020-332D-2C13-F261-6F510F11A57E}"
EndProject
Project("{FAE04EC0-301F-11D3-BF4B-00C04F79EFBC}") = "Vasis.Erp.Facil.Integracoes.ZeusMdfe", "Integration\Vasis.Erp.Facil.Integracoes.ZeusMdfe\Vasis.Erp.Facil.Integracoes.ZeusMdfe.csproj", "{335C89F3-DAD6-4EFB-9A9C-94058FE990B2}"
EndProject
Project("{2150E333-8FDC-42A3-9474-1A3956D46DE8}") = "Backend", "Backend", "{02EA681E-C7D8-13C7-8484-4AC65E1B71E8}"
EndProject
Project("{2150E333-8FDC-42A3-9474-1A3956D46DE8}") = "Frontend", "Frontend", "{FD329753-3886-4234-AFAD-EC896D238D3D}"
EndProject
Project("{2150E333-8FDC-42A3-9474-1A3956D46DE8}") = "External", "External", "{FDE416CA-6FA4-4911-BD05-CEF213428254}"
EndProject
Project("{2150E333-8FDC-42A3-9474-1A3956D46DE8}") = "Tests", "Tests", "{7398A03A-7024-4888-944A-39D2202B4FED}"
EndProject
Project("{FAE04EC0-301F-11D3-BF4B-00C04F79EFBC}") = "Vasis.Erp.Facil.Shared", "Shared\Vasis.Erp.Facil.Shared\Vasis.Erp.Facil.Shared.csproj", "{C470A85A-A8F2-D2C9-B6A1-BA276E729D3F}"
EndProject
Project("{FAE04EC0-301F-11D3-BF4B-00C04F79EFBC}") = "Vasis.Erp.Facil.Shared.Dtos", "Shared\Vasis.Erp.Facil.Shared.Dtos\Vasis.Erp.Facil.Shared.Dtos.csproj", "{FF48CF47-3BBE-8F2D-73EC-FC0634DA6C97}"
EndProject
Project("{FAE04EC0-301F-11D3-BF4B-00C04F79EFBC}") = "Vasis.Erp.Facil.Data", "Backend\Vasis.Erp.Facil.Data\Vasis.Erp.Facil.Data.csproj", "{71A86572-346C-4A9A-BD15-8B08ADCF7D2F}"
EndProject
Project("{FAE04EC0-301F-11D3-BF4B-00C04F79EFBC}") = "Vasis.Erp.Facil.Api", "Backend\Vasis.Erp.Facil.Api\Vasis.Erp.Facil.Api.csproj", "{29BE1339-F781-4C02-8611-ED44D887CB2B}"
EndProject
Project("{FAE04EC0-301F-11D3-BF4B-00C04F79EFBC}") = "Vasis.Erp.Facil.Application", "Backend\Vasis.Erp.Facil.Application\Vasis.Erp.Facil.Application.csproj", "{FF01627D-9501-4A62-9091-9B56F13050C9}"
EndProject
Project("{FAE04EC0-301F-11D3-BF4B-00C04F79EFBC}") = "Vasis.Erp.Facil.Tests", "Tests\Vasis.Erp.Facil.Tests\Vasis.Erp.Facil.Tests.csproj", "{A982361D-C856-4520-A9A6-EE7AD0EDF8EA}"
EndProject
Global
	GlobalSection(SolutionConfigurationPlatforms) = preSolution
		Debug|Any CPU = Debug|Any CPU
		Debug|x64 = Debug|x64
		Debug|x86 = Debug|x86
		Release|Any CPU = Release|Any CPU
		Release|x64 = Release|x64
		Release|x86 = Release|x86
	EndGlobalSection
	GlobalSection(ProjectConfigurationPlatforms) = postSolution
		{335C89F3-DAD6-4EFB-9A9C-94058FE990B2}.Debug|Any CPU.ActiveCfg = Debug|Any CPU
		{335C89F3-DAD6-4EFB-9A9C-94058FE990B2}.Debug|Any CPU.Build.0 = Debug|Any CPU
		{335C89F3-DAD6-4EFB-9A9C-94058FE990B2}.Debug|x64.ActiveCfg = Debug|Any CPU
		{335C89F3-DAD6-4EFB-9A9C-94058FE990B2}.Debug|x64.Build.0 = Debug|Any CPU
		{335C89F3-DAD6-4EFB-9A9C-94058FE990B2}.Debug|x86.ActiveCfg = Debug|Any CPU
		{335C89F3-DAD6-4EFB-9A9C-94058FE990B2}.Debug|x86.Build.0 = Debug|Any CPU
		{335C89F3-DAD6-4EFB-9A9C-94058FE990B2}.Release|Any CPU.ActiveCfg = Release|Any CPU
		{335C89F3-DAD6-4EFB-9A9C-94058FE990B2}.Release|Any CPU.Build.0 = Release|Any CPU
		{335C89F3-DAD6-4EFB-9A9C-94058FE990B2}.Release|x64.ActiveCfg = Release|Any CPU
		{335C89F3-DAD6-4EFB-9A9C-94058FE990B2}.Release|x64.Build.0 = Release|Any CPU
		{335C89F3-DAD6-4EFB-9A9C-94058FE990B2}.Release|x86.ActiveCfg = Release|Any CPU
		{335C89F3-DAD6-4EFB-9A9C-94058FE990B2}.Release|x86.Build.0 = Release|Any CPU
		{C470A85A-A8F2-D2C9-B6A1-BA276E729D3F}.Debug|Any CPU.ActiveCfg = Debug|Any CPU
		{C470A85A-A8F2-D2C9-B6A1-BA276E729D3F}.Debug|Any CPU.Build.0 = Debug|Any CPU
		{C470A85A-A8F2-D2C9-B6A1-BA276E729D3F}.Debug|x64.ActiveCfg = Debug|Any CPU
		{C470A85A-A8F2-D2C9-B6A1-BA276E729D3F}.Debug|x64.Build.0 = Debug|Any CPU
		{C470A85A-A8F2-D2C9-B6A1-BA276E729D3F}.Debug|x86.ActiveCfg = Debug|Any CPU
		{C470A85A-A8F2-D2C9-B6A1-BA276E729D3F}.Debug|x86.Build.0 = Debug|Any CPU
		{C470A85A-A8F2-D2C9-B6A1-BA276E729D3F}.Release|Any CPU.ActiveCfg = Release|Any CPU
		{C470A85A-A8F2-D2C9-B6A1-BA276E729D3F}.Release|Any CPU.Build.0 = Release|Any CPU
		{C470A85A-A8F2-D2C9-B6A1-BA276E729D3F}.Release|x64.ActiveCfg = Release|Any CPU
		{C470A85A-A8F2-D2C9-B6A1-BA276E729D3F}.Release|x64.Build.0 = Release|Any CPU
		{C470A85A-A8F2-D2C9-B6A1-BA276E729D3F}.Release|x86.ActiveCfg = Release|Any CPU
		{C470A85A-A8F2-D2C9-B6A1-BA276E729D3F}.Release|x86.Build.0 = Release|Any CPU
		{FF48CF47-3BBE-8F2D-73EC-FC0634DA6C97}.Debug|Any CPU.ActiveCfg = Debug|Any CPU
		{FF48CF47-3BBE-8F2D-73EC-FC0634DA6C97}.Debug|Any CPU.Build.0 = Debug|Any CPU
		{FF48CF47-3BBE-8F2D-73EC-FC0634DA6C97}.Debug|x64.ActiveCfg = Debug|Any CPU
		{FF48CF47-3BBE-8F2D-73EC-FC0634DA6C97}.Debug|x64.Build.0 = Debug|Any CPU
		{FF48CF47-3BBE-8F2D-73EC-FC0634DA6C97}.Debug|x86.ActiveCfg = Debug|Any CPU
		{FF48CF47-3BBE-8F2D-73EC-FC0634DA6C97}.Debug|x86.Build.0 = Debug|Any CPU
		{FF48CF47-3BBE-8F2D-73EC-FC0634DA6C97}.Release|Any CPU.ActiveCfg = Release|Any CPU
		{FF48CF47-3BBE-8F2D-73EC-FC0634DA6C97}.Release|Any CPU.Build.0 = Release|Any CPU
		{FF48CF47-3BBE-8F2D-73EC-FC0634DA6C97}.Release|x64.ActiveCfg = Release|Any CPU
		{FF48CF47-3BBE-8F2D-73EC-FC0634DA6C97}.Release|x64.Build.0 = Release|Any CPU
		{FF48CF47-3BBE-8F2D-73EC-FC0634DA6C97}.Release|x86.ActiveCfg = Release|Any CPU
		{FF48CF47-3BBE-8F2D-73EC-FC0634DA6C97}.Release|x86.Build.0 = Release|Any CPU
		{71A86572-346C-4A9A-BD15-8B08ADCF7D2F}.Debug|Any CPU.ActiveCfg = Debug|Any CPU
		{71A86572-346C-4A9A-BD15-8B08ADCF7D2F}.Debug|Any CPU.Build.0 = Debug|Any CPU
		{71A86572-346C-4A9A-BD15-8B08ADCF7D2F}.Debug|x64.ActiveCfg = Debug|Any CPU
		{71A86572-346C-4A9A-BD15-8B08ADCF7D2F}.Debug|x64.Build.0 = Debug|Any CPU
		{71A86572-346C-4A9A-BD15-8B08ADCF7D2F}.Debug|x86.ActiveCfg = Debug|Any CPU
		{71A86572-346C-4A9A-BD15-8B08ADCF7D2F}.Debug|x86.Build.0 = Debug|Any CPU
		{71A86572-346C-4A9A-BD15-8B08ADCF7D2F}.Release|Any CPU.ActiveCfg = Release|Any CPU
		{71A86572-346C-4A9A-BD15-8B08ADCF7D2F}.Release|Any CPU.Build.0 = Release|Any CPU
		{71A86572-346C-4A9A-BD15-8B08ADCF7D2F}.Release|x64.ActiveCfg = Release|Any CPU
		{71A86572-346C-4A9A-BD15-8B08ADCF7D2F}.Release|x64.Build.0 = Release|Any CPU
		{71A86572-346C-4A9A-BD15-8B08ADCF7D2F}.Release|x86.ActiveCfg = Release|Any CPU
		{71A86572-346C-4A9A-BD15-8B08ADCF7D2F}.Release|x86.Build.0 = Release|Any CPU
		{29BE1339-F781-4C02-8611-ED44D887CB2B}.Debug|Any CPU.ActiveCfg = Debug|Any CPU
		{29BE1339-F781-4C02-8611-ED44D887CB2B}.Debug|Any CPU.Build.0 = Debug|Any CPU
		{29BE1339-F781-4C02-8611-ED44D887CB2B}.Debug|x64.ActiveCfg = Debug|Any CPU
		{29BE1339-F781-4C02-8611-ED44D887CB2B}.Debug|x64.Build.0 = Debug|Any CPU
		{29BE1339-F781-4C02-8611-ED44D887CB2B}.Debug|x86.ActiveCfg = Debug|Any CPU
		{29BE1339-F781-4C02-8611-ED44D887CB2B}.Debug|x86.Build.0 = Debug|Any CPU
		{29BE1339-F781-4C02-8611-ED44D887CB2B}.Release|Any CPU.ActiveCfg = Release|Any CPU
		{29BE1339-F781-4C02-8611-ED44D887CB2B}.Release|Any CPU.Build.0 = Release|Any CPU
		{29BE1339-F781-4C02-8611-ED44D887CB2B}.Release|x64.ActiveCfg = Release|Any CPU
		{29BE1339-F781-4C02-8611-ED44D887CB2B}.Release|x64.Build.0 = Release|Any CPU
		{29BE1339-F781-4C02-8611-ED44D887CB2B}.Release|x86.ActiveCfg = Release|Any CPU
		{29BE1339-F781-4C02-8611-ED44D887CB2B}.Release|x86.Build.0 = Release|Any CPU
		{FF01627D-9501-4A62-9091-9B56F13050C9}.Debug|Any CPU.ActiveCfg = Debug|Any CPU
		{FF01627D-9501-4A62-9091-9B56F13050C9}.Debug|Any CPU.Build.0 = Debug|Any CPU
		{FF01627D-9501-4A62-9091-9B56F13050C9}.Debug|x64.ActiveCfg = Debug|Any CPU
		{FF01627D-9501-4A62-9091-9B56F13050C9}.Debug|x64.Build.0 = Debug|Any CPU
		{FF01627D-9501-4A62-9091-9B56F13050C9}.Debug|x86.ActiveCfg = Debug|Any CPU
		{FF01627D-9501-4A62-9091-9B56F13050C9}.Debug|x86.Build.0 = Debug|Any CPU
		{FF01627D-9501-4A62-9091-9B56F13050C9}.Release|Any CPU.ActiveCfg = Release|Any CPU
		{FF01627D-9501-4A62-9091-9B56F13050C9}.Release|Any CPU.Build.0 = Release|Any CPU
		{FF01627D-9501-4A62-9091-9B56F13050C9}.Release|x64.ActiveCfg = Release|Any CPU
		{FF01627D-9501-4A62-9091-9B56F13050C9}.Release|x64.Build.0 = Release|Any CPU
		{FF01627D-9501-4A62-9091-9B56F13050C9}.Release|x86.ActiveCfg = Release|Any CPU
		{FF01627D-9501-4A62-9091-9B56F13050C9}.Release|x86.Build.0 = Release|Any CPU
		{A982361D-C856-4520-A9A6-EE7AD0EDF8EA}.Debug|Any CPU.ActiveCfg = Debug|Any CPU
		{A982361D-C856-4520-A9A6-EE7AD0EDF8EA}.Debug|Any CPU.Build.0 = Debug|Any CPU
		{A982361D-C856-4520-A9A6-EE7AD0EDF8EA}.Debug|x64.ActiveCfg = Debug|Any CPU
		{A982361D-C856-4520-A9A6-EE7AD0EDF8EA}.Debug|x64.Build.0 = Debug|Any CPU
		{A982361D-C856-4520-A9A6-EE7AD0EDF8EA}.Debug|x86.ActiveCfg = Debug|Any CPU
		{A982361D-C856-4520-A9A6-EE7AD0EDF8EA}.Debug|x86.Build.0 = Debug|Any CPU
		{A982361D-C856-4520-A9A6-EE7AD0EDF8EA}.Release|Any CPU.ActiveCfg = Release|Any CPU
		{A982361D-C856-4520-A9A6-EE7AD0EDF8EA}.Release|Any CPU.Build.0 = Release|Any CPU
		{A982361D-C856-4520-A9A6-EE7AD0EDF8EA}.Release|x64.ActiveCfg = Release|Any CPU
		{A982361D-C856-4520-A9A6-EE7AD0EDF8EA}.Release|x64.Build.0 = Release|Any CPU
		{A982361D-C856-4520-A9A6-EE7AD0EDF8EA}.Release|x86.ActiveCfg = Release|Any CPU
		{A982361D-C856-4520-A9A6-EE7AD0EDF8EA}.Release|x86.Build.0 = Release|Any CPU
	EndGlobalSection
	GlobalSection(SolutionProperties) = preSolution
		HideSolutionNode = FALSE
	EndGlobalSection
	GlobalSection(NestedProjects) = preSolution
		{335C89F3-DAD6-4EFB-9A9C-94058FE990B2} = {823D4020-332D-2C13-F261-6F510F11A57E}
		{C470A85A-A8F2-D2C9-B6A1-BA276E729D3F} = {4F52FD11-658E-A102-6CD3-7D7C16FFA15B}
		{FF48CF47-3BBE-8F2D-73EC-FC0634DA6C97} = {4F52FD11-658E-A102-6CD3-7D7C16FFA15B}
		{71A86572-346C-4A9A-BD15-8B08ADCF7D2F} = {02EA681E-C7D8-13C7-8484-4AC65E1B71E8}
		{29BE1339-F781-4C02-8611-ED44D887CB2B} = {02EA681E-C7D8-13C7-8484-4AC65E1B71E8}
		{FF01627D-9501-4A62-9091-9B56F13050C9} = {02EA681E-C7D8-13C7-8484-4AC65E1B71E8}
		{A982361D-C856-4520-A9A6-EE7AD0EDF8EA} = {7398A03A-7024-4888-944A-39D2202B4FED}
	EndGlobalSection
	GlobalSection(ExtensibilityGlobals) = postSolution
		SolutionGuid = {104C24FD-323E-4996-865E-6F3824571084}
	EndGlobalSection
EndGlobal
